#MicroXplorer Configuration settings - do not modify
Mcu.Family=STM32F4
ProjectManager.MainLocation=Core/Src
ProjectManager.ProjectFileName=atabey-autopilot-stm.ioc
RCC.CortexFreq_Value=100000000
TIM2.Channel-Input_Capture1_from_TI1=TIM_CHANNEL_1
ProjectManager.KeepUserCode=true
PA10.Mode=Asynchronous
Mcu.UserName=STM32F411CEUx
Mcu.PinsNb=19
ProjectManager.NoMain=false
TIM1.IPParameters=Channel-PWM Generation2 CH2
USART6.IPParameters=VirtualMode
RCC.PLLCLKFreq_Value=100000000
RCC.PLLQCLKFreq_Value=50000000
ProjectManager.functionlistsort=1-MX_GPIO_Init-GPIO-false-HAL-true,2-SystemClock_Config-RCC-false-HAL-false,3-MX_TIM2_Init-TIM2-false-HAL-true,4-MX_TIM3_Init-TIM3-false-HAL-true,5-MX_TIM1_Init-TIM1-false-HAL-true,6-MX_I2C1_Init-I2C1-false-HAL-true,7-MX_USART6_UART_Init-USART6-false-HAL-true
PA11.Mode=Asynchronous
RCC.RTCFreq_Value=32000
ProjectManager.DefaultFWLocation=true
ProjectManager.DeletePrevious=true
USART1.IPParameters=VirtualMode
RCC.APB1CLKDivider=RCC_HCLK_DIV2
SH.S_TIM2_CH1_ETR.ConfNb=1
PinOutPanel.RotationAngle=0
RCC.FamilyName=M
RCC.SYSCLKSource=RCC_SYSCLKSOURCE_PLLCLK
ProjectManager.StackSize=0x400
PA0-WKUP.Signal=S_TIM2_CH1_ETR
PA13.Signal=SYS_JTMS-SWDIO
Mcu.IP4=TIM1
RCC.FCLKCortexFreq_Value=100000000
Mcu.IP5=TIM2
NVIC.SVCall_IRQn=true\:0\:0\:false\:false\:true\:false\:false
Mcu.IP2=RCC
Mcu.IP3=SYS
SH.S_TIM2_CH2.0=TIM2_CH2,Input_Capture2_from_TI2
Mcu.IP0=I2C1
Mcu.IP1=NVIC
PA12.Signal=USART6_RX
Mcu.UserConstants=
SH.S_TIM3_CH2.ConfNb=1
ProjectManager.TargetToolchain=STM32CubeIDE
Mcu.ThirdPartyNb=0
RCC.HCLKFreq_Value=100000000
Mcu.IPNb=9
RCC.I2SClocksFreq_Value=96000000
TIM2.IPParameters=Channel-Input_Capture1_from_TI1,Channel-Input_Capture2_from_TI2,Channel-Input_Capture3_from_TI3,Channel-Input_Capture4_from_TI4
ProjectManager.PreviousToolchain=
PB9.Mode=I2C
RCC.APB2TimFreq_Value=100000000
PA9.Signal=S_TIM1_CH2
SH.S_TIM2_CH2.ConfNb=1
VP_TIM1_VS_ClockSourceINT.Signal=TIM1_VS_ClockSourceINT
RCC.VcooutputI2S=96000000
TIM1.Channel-PWM\ Generation2\ CH2=TIM_CHANNEL_2
TIM2.Channel-Input_Capture3_from_TI3=TIM_CHANNEL_3
PB9.Locked=true
RCC.VCOInputMFreq_Value=1000000
Mcu.Pin6=PA9
Mcu.Pin7=PA10
VP_TIM2_VS_ClockSourceINT.Signal=TIM2_VS_ClockSourceINT
ProjectManager.RegisterCallBack=
Mcu.Pin8=PA11
Mcu.Pin9=PA12
VP_TIM3_VS_ClockSourceINT.Signal=TIM3_VS_ClockSourceINT
RCC.LSE_VALUE=32768
PA1.Signal=S_TIM2_CH2
RCC.AHBFreq_Value=100000000
Mcu.Pin0=PA0-WKUP
Mcu.Pin1=PA1
SH.S_TIM1_CH2.ConfNb=1
TIM3.Channel-PWM\ Generation1\ CH1=TIM_CHANNEL_1
GPIO.groupedBy=Group By Peripherals
Mcu.Pin2=PA2
Mcu.Pin3=PA3
Mcu.Pin4=PA6
RCC.VCOI2SOutputFreq_Value=192000000
Mcu.Pin5=PA7
ProjectManager.ProjectBuild=false
SH.S_TIM3_CH2.0=TIM3_CH2,PWM Generation2 CH2
RCC.HSE_VALUE=25000000
NVIC.UsageFault_IRQn=true\:0\:0\:false\:false\:true\:false\:false
NVIC.DebugMonitor_IRQn=true\:0\:0\:false\:false\:true\:false\:false
board=custom
RCC.VCOOutputFreq_Value=200000000
PA15.Mode=Asynchronous
NVIC.SysTick_IRQn=true\:0\:0\:false\:false\:true\:false\:true
ProjectManager.LastFirmware=true
ProjectManager.FirmwarePackage=STM32Cube FW_F4 V1.26.2
MxDb.Version=DB.6.0.20
RCC.APB2Freq_Value=100000000
ProjectManager.BackupPrevious=false
MxCube.Version=6.2.0
RCC.VCOInputFreq_Value=2000000
SH.S_TIM1_CH2.0=TIM1_CH2,PWM Generation2 CH2
VP_TIM2_VS_ClockSourceINT.Mode=Internal
SH.S_TIM2_CH3.0=TIM2_CH3,Input_Capture3_from_TI3
PA14.Mode=Serial_Wire
NVIC.TIM2_IRQn=true\:0\:0\:false\:false\:true\:true\:true
File.Version=6
VP_SYS_VS_Systick.Mode=SysTick
RCC.EthernetFreq_Value=100000000
TIM3.IPParameters=Channel-PWM Generation1 CH1,Channel-PWM Generation2 CH2
TIM2.Channel-Input_Capture4_from_TI4=TIM_CHANNEL_4
PB8.Locked=true
NVIC.NonMaskableInt_IRQn=true\:0\:0\:false\:false\:true\:false\:false
SH.S_TIM2_CH3.ConfNb=1
NVIC.PendSV_IRQn=true\:0\:0\:false\:false\:true\:false\:false
SH.S_TIM3_CH1.0=TIM3_CH1,PWM Generation1 CH1
PA13.Mode=Serial_Wire
ProjectManager.FreePins=false
RCC.IPParameters=48MHZClocksFreq_Value,AHBFreq_Value,APB1CLKDivider,APB1Freq_Value,APB1TimFreq_Value,APB2Freq_Value,APB2TimFreq_Value,CortexFreq_Value,EthernetFreq_Value,FCLKCortexFreq_Value,FamilyName,HCLKFreq_Value,HSE_VALUE,HSI_VALUE,I2SClocksFreq_Value,LSE_VALUE,LSI_VALUE,PLLCLKFreq_Value,PLLM,PLLN,PLLQCLKFreq_Value,RTCFreq_Value,RTCHSEDivFreq_Value,SYSCLKFreq_VALUE,SYSCLKSource,VCOI2SOutputFreq_Value,VCOInputFreq_Value,VCOInputMFreq_Value,VCOOutputFreq_Value,VcooutputI2S
ProjectManager.AskForMigrate=true
Mcu.Name=STM32F411C(C-E)Ux
ProjectManager.HalAssertFull=false
VP_TIM1_VS_ClockSourceINT.Mode=Internal
RCC.RTCHSEDivFreq_Value=12500000
PA2.Signal=S_TIM2_CH3
ProjectManager.ProjectName=atabey-autopilot-stm
ProjectManager.UnderRoot=true
Mcu.IP8=USART6
Mcu.IP6=TIM3
Mcu.IP7=USART1
ProjectManager.CoupleFile=false
RCC.48MHZClocksFreq_Value=50000000
RCC.SYSCLKFreq_VALUE=100000000
Mcu.Package=UFQFPN48
PB9.Signal=I2C1_SDA
PA6.Signal=S_TIM3_CH1
PA12.Mode=Asynchronous
NVIC.ForceEnableDMAVector=true
KeepUserPlacement=false
USART6.VirtualMode=VM_ASYNC
NVIC.MemoryManagement_IRQn=true\:0\:0\:false\:false\:true\:false\:false
USART1.VirtualMode=VM_ASYNC
ProjectManager.CompilerOptimize=6
TIM2.Channel-Input_Capture2_from_TI2=TIM_CHANNEL_2
ProjectManager.ToolChainLocation=
RCC.LSI_VALUE=32000
VP_SYS_VS_Systick.Signal=SYS_VS_Systick
PA11.Signal=USART6_TX
SH.S_TIM2_CH1_ETR.0=TIM2_CH1,Input_Capture1_from_TI1
PA10.Signal=USART1_RX
PA14.Signal=SYS_JTCK-SWCLK
PA15.Signal=USART1_TX
ProjectManager.HeapSize=0x200
Mcu.Pin15=VP_SYS_VS_Systick
NVIC.HardFault_IRQn=true\:0\:0\:false\:false\:true\:false\:false
Mcu.Pin16=VP_TIM1_VS_ClockSourceINT
SH.S_TIM2_CH4.0=TIM2_CH4,Input_Capture4_from_TI4
Mcu.Pin13=PB8
Mcu.Pin14=PB9
SH.S_TIM3_CH1.ConfNb=1
ProjectManager.ComputerToolchain=false
Mcu.Pin17=VP_TIM2_VS_ClockSourceINT
RCC.HSI_VALUE=16000000
Mcu.Pin18=VP_TIM3_VS_ClockSourceINT
NVIC.PriorityGroup=NVIC_PRIORITYGROUP_4
Mcu.Pin11=PA14
TIM3.Channel-PWM\ Generation2\ CH2=TIM_CHANNEL_2
Mcu.Pin12=PA15
RCC.PLLM=8
PB8.Mode=I2C
RCC.PLLN=100
Mcu.Pin10=PA13
RCC.APB1TimFreq_Value=100000000
PB8.Signal=I2C1_SCL
NVIC.BusFault_IRQn=true\:0\:0\:false\:false\:true\:false\:false
SH.S_TIM2_CH4.ConfNb=1
RCC.APB1Freq_Value=50000000
ProjectManager.CustomerFirmwarePackage=
VP_TIM3_VS_ClockSourceINT.Mode=Internal
ProjectManager.DeviceId=STM32F411CEUx
ProjectManager.LibraryCopy=1
PA3.Signal=S_TIM2_CH4
PA7.Signal=S_TIM3_CH2
isbadioc=false
